Microsoft Visual Studio Solution File, Format Version 12.00
# Visual Studio Version 17
VisualStudioVersion = 17.5.2.0
MinimumVisualStudioVersion = 10.0.40219.1
Project("{FAE04EC0-301F-11D3-BF4B-00C04F79EFBC}") = "dependabot-dotnet", "dependabot-dotnet.csproj", "{0E588B17-88B0-DFA8-4FD0-931D7D2BA62E}"
EndProject
Global
	GlobalSection(SolutionConfigurationPlatforms) = preSolution
		Debug|Any CPU = Debug|Any CPU
		Release|Any CPU = Release|Any CPU
	EndGlobalSection
	GlobalSection(ProjectConfigurationPlatforms) = postSolution
		{0E588B17-88B0-DFA8-4FD0-931D7D2BA62E}.Debug|Any CPU.ActiveCfg = Debug|Any CPU
		{0E588B17-88B0-DFA8-4FD0-931D7D2BA62E}.Debug|Any CPU.Build.0 = Debug|Any CPU
		{0E588B17-88B0-DFA8-4FD0-931D7D2BA62E}.Release|Any CPU.ActiveCfg = Release|Any CPU
		{0E588B17-88B0-DFA8-4FD0-931D7D2BA62E}.Release|Any CPU.Build.0 = Release|Any CPU
	EndGlobalSection
	GlobalSection(SolutionProperties) = preSolution
		HideSolutionNode = FALSE
	EndGlobalSection
	GlobalSection(ExtensibilityGlobals) = postSolution
		SolutionGuid = {51481F5F-4C7D-4541-BE82-FF4456CE0799}
	EndGlobalSection
EndGlobal
